# THIS IS AN AUTOGENERATED FILE. DO NOT EDIT THIS FILE DIRECTLY.
# yarn lockfile v1


"@org/tool-a@file:../tools/tool-a":
  version "1.0.0"
  dependencies:
    "@org/tool-b" "file:../../../../Users/joscha/Library/Caches/Yarn/v1/npm-@org/tool-b"

"@org/tool-b@file:../tools/tool-b":
  version "1.0.0"
